
Microsoft Visual Studio Solution File, Format Version 12.00
# Visual Studio 15
Project("{FAE04EC0-301F-11D3-BF4B-00C04F79EFBC}") = "fps.UI", "fps.UI.csproj", "{42602DC9-C4B0-0962-0C4E-DB9E3310D7B5}"
EndProject
Project("{FAE04EC0-301F-11D3-BF4B-00C04F79EFBC}") = "fps.Game", "fps.Game.csproj", "{A8D38057-1E05-2B63-8E0C-6E59311EACF9}"
EndProject
Project("{FAE04EC0-301F-11D3-BF4B-00C04F79EFBC}") = "Assembly-CSharp", "Assembly-CSharp.csproj", "{EE043FB0-D0E5-38CF-8F4E-08214E351690}"
EndProject
Project("{FAE04EC0-301F-11D3-BF4B-00C04F79EFBC}") = "fps.Gameplay", "fps.Gameplay.csproj", "{D5D3F486-5877-B77E-ECDD-F5388B958248}"
EndProject
Project("{FAE04EC0-301F-11D3-BF4B-00C04F79EFBC}") = "Assembly-CSharp-Editor", "Assembly-CSharp-Editor.csproj", "{5C823894-5468-4EAF-B7A9-66266D915D39}"
EndProject
Project("{FAE04EC0-301F-11D3-BF4B-00C04F79EFBC}") = "NavMeshComponentsEditor", "NavMeshComponentsEditor.csproj", "{CA8E5139-9C45-A46D-7698-9761D3C2E823}"
EndProject
Project("{FAE04EC0-301F-11D3-BF4B-00C04F79EFBC}") = "fps.Editor", "fps.Editor.csproj", "{F0F24396-32FF-C431-33E4-8572F96DE175}"
EndProject
Project("{FAE04EC0-301F-11D3-BF4B-00C04F79EFBC}") = "fps.AI", "fps.AI.csproj", "{4947C2B4-A829-5B4E-E83B-5F8DCB3F6527}"
EndProject
Project("{FAE04EC0-301F-11D3-BF4B-00C04F79EFBC}") = "Unity.Microgame.Tutorials", "Unity.Microgame.Tutorials.csproj", "{DE2BCC12-EEBF-B9C9-9569-AFE2290FA844}"
EndProject
Project("{FAE04EC0-301F-11D3-BF4B-00C04F79EFBC}") = "NavMeshComponents", "NavMeshComponents.csproj", "{3A8E3423-FE11-9D34-F6A4-5A0BBDF75964}"
EndProject
Project("{FAE04EC0-301F-11D3-BF4B-00C04F79EFBC}") = "Unity.FPS.Tutorials", "Unity.FPS.Tutorials.csproj", "{36FF1D4D-ADE5-E712-EA67-3972B694324E}"
EndProject
Global
	GlobalSection(SolutionConfigurationPlatforms) = preSolution
		Debug|Any CPU = Debug|Any CPU
		Release|Any CPU = Release|Any CPU
	EndGlobalSection
	GlobalSection(ProjectConfigurationPlatforms) = postSolution
		{42602DC9-C4B0-0962-0C4E-DB9E3310D7B5}.Debug|Any CPU.ActiveCfg = Debug|Any CPU
		{42602DC9-C4B0-0962-0C4E-DB9E3310D7B5}.Debug|Any CPU.Build.0 = Debug|Any CPU
		{42602DC9-C4B0-0962-0C4E-DB9E3310D7B5}.Release|Any CPU.ActiveCfg = Release|Any CPU
		{42602DC9-C4B0-0962-0C4E-DB9E3310D7B5}.Release|Any CPU.Build.0 = Release|Any CPU
		{A8D38057-1E05-2B63-8E0C-6E59311EACF9}.Debug|Any CPU.ActiveCfg = Debug|Any CPU
		{A8D38057-1E05-2B63-8E0C-6E59311EACF9}.Debug|Any CPU.Build.0 = Debug|Any CPU
		{A8D38057-1E05-2B63-8E0C-6E59311EACF9}.Release|Any CPU.ActiveCfg = Release|Any CPU
		{A8D38057-1E05-2B63-8E0C-6E59311EACF9}.Release|Any CPU.Build.0 = Release|Any CPU
		{EE043FB0-D0E5-38CF-8F4E-08214E351690}.Debug|Any CPU.ActiveCfg = Debug|Any CPU
		{EE043FB0-D0E5-38CF-8F4E-08214E351690}.Debug|Any CPU.Build.0 = Debug|Any CPU
		{EE043FB0-D0E5-38CF-8F4E-08214E351690}.Release|Any CPU.ActiveCfg = Release|Any CPU
		{EE043FB0-D0E5-38CF-8F4E-08214E351690}.Release|Any CPU.Build.0 = Release|Any CPU
		{D5D3F486-5877-B77E-ECDD-F5388B958248}.Debug|Any CPU.ActiveCfg = Debug|Any CPU
		{D5D3F486-5877-B77E-ECDD-F5388B958248}.Debug|Any CPU.Build.0 = Debug|Any CPU
		{D5D3F486-5877-B77E-ECDD-F5388B958248}.Release|Any CPU.ActiveCfg = Release|Any CPU
		{D5D3F486-5877-B77E-ECDD-F5388B958248}.Release|Any CPU.Build.0 = Release|Any CPU
		{5C823894-5468-4EAF-B7A9-66266D915D39}.Debug|Any CPU.ActiveCfg = Debug|Any CPU
		{5C823894-5468-4EAF-B7A9-66266D915D39}.Debug|Any CPU.Build.0 = Debug|Any CPU
		{5C823894-5468-4EAF-B7A9-66266D915D39}.Release|Any CPU.ActiveCfg = Release|Any CPU
		{5C823894-5468-4EAF-B7A9-66266D915D39}.Release|Any CPU.Build.0 = Release|Any CPU
		{CA8E5139-9C45-A46D-7698-9761D3C2E823}.Debug|Any CPU.ActiveCfg = Debug|Any CPU
		{CA8E5139-9C45-A46D-7698-9761D3C2E823}.Debug|Any CPU.Build.0 = Debug|Any CPU
		{CA8E5139-9C45-A46D-7698-9761D3C2E823}.Release|Any CPU.ActiveCfg = Release|Any CPU
		{CA8E5139-9C45-A46D-7698-9761D3C2E823}.Release|Any CPU.Build.0 = Release|Any CPU
		{F0F24396-32FF-C431-33E4-8572F96DE175}.Debug|Any CPU.ActiveCfg = Debug|Any CPU
		{F0F24396-32FF-C431-33E4-8572F96DE175}.Debug|Any CPU.Build.0 = Debug|Any CPU
		{F0F24396-32FF-C431-33E4-8572F96DE175}.Release|Any CPU.ActiveCfg = Release|Any CPU
		{F0F24396-32FF-C431-33E4-8572F96DE175}.Release|Any CPU.Build.0 = Release|Any CPU
		{4947C2B4-A829-5B4E-E83B-5F8DCB3F6527}.Debug|Any CPU.ActiveCfg = Debug|Any CPU
		{4947C2B4-A829-5B4E-E83B-5F8DCB3F6527}.Debug|Any CPU.Build.0 = Debug|Any CPU
		{4947C2B4-A829-5B4E-E83B-5F8DCB3F6527}.Release|Any CPU.ActiveCfg = Release|Any CPU
		{4947C2B4-A829-5B4E-E83B-5F8DCB3F6527}.Release|Any CPU.Build.0 = Release|Any CPU
		{DE2BCC12-EEBF-B9C9-9569-AFE2290FA844}.Debug|Any CPU.ActiveCfg = Debug|Any CPU
		{DE2BCC12-EEBF-B9C9-9569-AFE2290FA844}.Debug|Any CPU.Build.0 = Debug|Any CPU
		{DE2BCC12-EEBF-B9C9-9569-AFE2290FA844}.Release|Any CPU.ActiveCfg = Release|Any CPU
		{DE2BCC12-EEBF-B9C9-9569-AFE2290FA844}.Release|Any CPU.Build.0 = Release|Any CPU
		{3A8E3423-FE11-9D34-F6A4-5A0BBDF75964}.Debug|Any CPU.ActiveCfg = Debug|Any CPU
		{3A8E3423-FE11-9D34-F6A4-5A0BBDF75964}.Debug|Any CPU.Build.0 = Debug|Any CPU
		{3A8E3423-FE11-9D34-F6A4-5A0BBDF75964}.Release|Any CPU.ActiveCfg = Release|Any CPU
		{3A8E3423-FE11-9D34-F6A4-5A0BBDF75964}.Release|Any CPU.Build.0 = Release|Any CPU
		{36FF1D4D-ADE5-E712-EA67-3972B694324E}.Debug|Any CPU.ActiveCfg = Debug|Any CPU
		{36FF1D4D-ADE5-E712-EA67-3972B694324E}.Debug|Any CPU.Build.0 = Debug|Any CPU
		{36FF1D4D-ADE5-E712-EA67-3972B694324E}.Release|Any CPU.ActiveCfg = Release|Any CPU
		{36FF1D4D-ADE5-E712-EA67-3972B694324E}.Release|Any CPU.Build.0 = Release|Any CPU
	EndGlobalSection
	GlobalSection(SolutionProperties) = preSolution
		HideSolutionNode = FALSE
	EndGlobalSection
EndGlobal
